
Microsoft Visual Studio Solution File, Format Version 12.00
# Visual Studio Version 17
VisualStudioVersion = 17.0.32112.339
MinimumVisualStudioVersion = 10.0.40219.1
Project("{FAE04EC0-301F-11D3-BF4B-00C04F79EFBC}") = "teachersAndStudents", "teachersAndStudents\teachersAndStudents.csproj", "{5A4D3E6F-C141-4482-98D2-AA73A9655704}"
EndProject
Project("{FAE04EC0-301F-11D3-BF4B-00C04F79EFBC}") = "teachersAndStudents.API", "teachersAndStudents.API\teachersAndStudents.API.csproj", "{D0AE373E-696E-44F0-9DF6-1455A6B3C1D6}"
EndProject
Global
	GlobalSection(SolutionConfigurationPlatforms) = preSolution
		Debug|Any CPU = Debug|Any CPU
		Release|Any CPU = Release|Any CPU
	EndGlobalSection
	GlobalSection(ProjectConfigurationPlatforms) = postSolution
		{5A4D3E6F-C141-4482-98D2-AA73A9655704}.Debug|Any CPU.ActiveCfg = Debug|Any CPU
		{5A4D3E6F-C141-4482-98D2-AA73A9655704}.Debug|Any CPU.Build.0 = Debug|Any CPU
		{5A4D3E6F-C141-4482-98D2-AA73A9655704}.Release|Any CPU.ActiveCfg = Release|Any CPU
		{5A4D3E6F-C141-4482-98D2-AA73A9655704}.Release|Any CPU.Build.0 = Release|Any CPU
		{D0AE373E-696E-44F0-9DF6-1455A6B3C1D6}.Debug|Any CPU.ActiveCfg = Debug|Any CPU
		{D0AE373E-696E-44F0-9DF6-1455A6B3C1D6}.Debug|Any CPU.Build.0 = Debug|Any CPU
		{D0AE373E-696E-44F0-9DF6-1455A6B3C1D6}.Release|Any CPU.ActiveCfg = Release|Any CPU
		{D0AE373E-696E-44F0-9DF6-1455A6B3C1D6}.Release|Any CPU.Build.0 = Release|Any CPU
	EndGlobalSection
	GlobalSection(SolutionProperties) = preSolution
		HideSolutionNode = FALSE
	EndGlobalSection
	GlobalSection(ExtensibilityGlobals) = postSolution
		SolutionGuid = {CDD4B805-0B6A-4069-BF94-7E43CEBD794D}
	EndGlobalSection
EndGlobal
